
Microsoft Visual Studio Solution File, Format Version 12.00
# Visual Studio Version 17
VisualStudioVersion = 17.7.34018.315
MinimumVisualStudioVersion = 10.0.40219.1
Project("{FAE04EC0-301F-11D3-BF4B-00C04F79EFBC}") = "ProductManagement", "ProductManagement\ProductManagement.csproj", "{A1EA4C0B-800E-4C90-8950-9E09C4D14458}"
EndProject
Global
	GlobalSection(SolutionConfigurationPlatforms) = preSolution
		Debug|Any CPU = Debug|Any CPU
		Release|Any CPU = Release|Any CPU
	EndGlobalSection
	GlobalSection(ProjectConfigurationPlatforms) = postSolution
		{A1EA4C0B-800E-4C90-8950-9E09C4D14458}.Debug|Any CPU.ActiveCfg = Debug|Any CPU
		{A1EA4C0B-800E-4C90-8950-9E09C4D14458}.Debug|Any CPU.Build.0 = Debug|Any CPU
		{A1EA4C0B-800E-4C90-8950-9E09C4D14458}.Release|Any CPU.ActiveCfg = Release|Any CPU
		{A1EA4C0B-800E-4C90-8950-9E09C4D14458}.Release|Any CPU.Build.0 = Release|Any CPU
	EndGlobalSection
	GlobalSection(SolutionProperties) = preSolution
		HideSolutionNode = FALSE
	EndGlobalSection
	GlobalSection(ExtensibilityGlobals) = postSolution
		SolutionGuid = {1887A3DB-7F59-44EE-8615-D80BEF06107B}
	EndGlobalSection
EndGlobal
